{
  "meteor": {},
  "dependencies": {
    "basePackages": {
      "iron-router": {},
      "less-bootstrap-3": {},
      "font-awesome-4-less": {},
      "reactive-dict-bind": {},
      "typeahead": {},
      "bootstrap3-less": {}
    },
    "packages": {
      "iron-router": {
        "git": "https://github.com/EventedMind/iron-router.git",
        "tag": "v0.7.1",
        "commit": "d1ffb3f06ea4c112132b030f2eb1a70b81675ecb"
      },
      "less-bootstrap-3": {
        "git": "https://github.com/DerMambo/less-bootstrap-3.git",
        "tag": "v0.0.1",
        "commit": "1321ac0ebc809bc354186b96f4c28b7042e38507"
      },
      "font-awesome-4-less": {
        "git": "https://github.com/svub/fontawesome4-less.git",
        "tag": "v4.3.9",
        "commit": "45e5d416d85ad8216ac17066492dddb67ad4acb4"
      },
      "reactive-dict-bind": {
        "git": "https://github.com/poetic/meteor-reactive-dict-bind.git",
        "tag": "v0.0.1",
        "commit": "7ab26c2aacbe0311293c7d7744ae47000aaa231f"
      },
      "typeahead": {
        "git": "https://github.com/sergeyt/meteor-typeahead.git",
        "tag": "v0.0.10",
        "commit": "fe0bb03aea8493037de134d815f9663feb21a944"
      },
      "bootstrap3-less": {
        "git": "https://github.com/eprochasson/bootstrap3-less",
        "tag": "v0.1.9",
        "commit": "5c812c4d7ce72917a065f0424c3cf54e5ff2d16a"
      },
      "blaze-layout": {
        "git": "https://github.com/EventedMind/blaze-layout.git",
        "tag": "v0.2.4",
        "commit": "b40e9b0612329288d75cf52ad14a7da64bb8618f"
      }
    }
  }
}
