{
  "meteor": {},
  "dependencies": {
    "basePackages": {
      "bootstrap-3": {},
      "fontawesome4": {},
      "iron-router": {},
      "typeahead": {}
    },
    "packages": {
      "bootstrap-3": {
        "git": "https://github.com/mangasocial/meteor-bootstrap-3.git",
        "tag": "v3.1.1-1",
        "commit": "63dd38968828bb8963636df93e9a1c45e2dfe67e"
      },
      "fontawesome4": {
        "git": "https://github.com/chrismbeckett/meteor-fontawesome4.git",
        "tag": "v1.1.0",
        "commit": "7d2cb9119b7981b8f854b7051d302d4842311249"
      },
      "iron-router": {
        "git": "https://github.com/EventedMind/iron-router.git",
        "tag": "v0.7.1",
        "commit": "d1ffb3f06ea4c112132b030f2eb1a70b81675ecb"
      },
      "typeahead": {
        "git": "https://github.com/sergeyt/meteor-typeahead.git",
        "tag": "v0.0.10",
        "commit": "fe0bb03aea8493037de134d815f9663feb21a944"
      },
      "blaze-layout": {
        "git": "https://github.com/EventedMind/blaze-layout.git",
        "tag": "v0.2.4",
        "commit": "b40e9b0612329288d75cf52ad14a7da64bb8618f"
      }
    }
  }
}
